// !$*UTF8*$!
{
	archiveVersion = 1;
	classes = {
	};
	objectVersion = 50;
	objects = {

/* Begin PBXBuildFile section */
		43F77B4421591F4100CDFF8F /* AppDelegate.swift in Sources */ = {isa = PBXBuildFile; fileRef = 43F77B4321591F4100CDFF8F /* AppDelegate.swift */; };
		43F77B4621591F4100CDFF8F /* ViewController.swift in Sources */ = {isa = PBXBuildFile; fileRef = 43F77B4521591F4100CDFF8F /* ViewController.swift */; };
		43F77B4921591F4100CDFF8F /* Main.storyboard in Resources */ = {isa = PBXBuildFile; fileRef = 43F77B4721591F4100CDFF8F /* Main.storyboard */; };
		43F77B4B21591F4300CDFF8F /* Assets.xcassets in Resources */ = {isa = PBXBuildFile; fileRef = 43F77B4A21591F4300CDFF8F /* Assets.xcassets */; };
		43F77B4E21591F4300CDFF8F /* LaunchScreen.storyboard in Resources */ = {isa = PBXBuildFile; fileRef = 43F77B4C21591F4300CDFF8F /* LaunchScreen.storyboard */; };
		43F77B842159714900CDFF8F /* EventDetail.storyboard in Resources */ = {isa = PBXBuildFile; fileRef = 43F77B832159714900CDFF8F /* EventDetail.storyboard */; };
		43F77B872159716600CDFF8F /* AddEvent.storyboard in Resources */ = {isa = PBXBuildFile; fileRef = 43F77B852159716600CDFF8F /* AddEvent.storyboard */; };
/* End PBXBuildFile section */

/* Begin PBXFileReference section */
		43F77B4021591F4100CDFF8F /* ForgetMeNot.app */ = {isa = PBXFileReference; explicitFileType = wrapper.application; includeInIndex = 0; path = ForgetMeNot.app; sourceTree = BUILT_PRODUCTS_DIR; };
		43F77B4321591F4100CDFF8F /* AppDelegate.swift */ = {isa = PBXFileReference; lastKnownFileType = sourcecode.swift; path = AppDelegate.swift; sourceTree = "<group>"; };
		43F77B4521591F4100CDFF8F /* ViewController.swift */ = {isa = PBXFileReference; lastKnownFileType = sourcecode.swift; path = ViewController.swift; sourceTree = "<group>"; };
		43F77B4821591F4100CDFF8F /* Base */ = {isa = PBXFileReference; lastKnownFileType = file.storyboard; name = Base; path = Base.lproj/Main.storyboard; sourceTree = "<group>"; };
		43F77B4A21591F4300CDFF8F /* Assets.xcassets */ = {isa = PBXFileReference; lastKnownFileType = folder.assetcatalog; path = Assets.xcassets; sourceTree = "<group>"; };
		43F77B4D21591F4300CDFF8F /* Base */ = {isa = PBXFileReference; lastKnownFileType = file.storyboard; name = Base; path = Base.lproj/LaunchScreen.storyboard; sourceTree = "<group>"; };
		43F77B4F21591F4300CDFF8F /* Info.plist */ = {isa = PBXFileReference; lastKnownFileType = text.plist.xml; path = Info.plist; sourceTree = "<group>"; };
		43F77B832159714900CDFF8F /* EventDetail.storyboard */ = {isa = PBXFileReference; fileEncoding = 4; lastKnownFileType = file.storyboard; path = EventDetail.storyboard; sourceTree = "<group>"; };
		43F77B862159716600CDFF8F /* Base */ = {isa = PBXFileReference; lastKnownFileType = file.storyboard; name = Base; path = ForgetMeNot/Storyboards/Base.lproj/AddEvent.storyboard; sourceTree = "<group>"; };
/* End PBXFileReference section */

/* Begin PBXFrameworksBuildPhase section */
		43F77B3D21591F4100CDFF8F /* Frameworks */ = {
			isa = PBXFrameworksBuildPhase;
			buildActionMask = 2147483647;
			files = (
			);
			runOnlyForDeploymentPostprocessing = 0;
		};
/* End PBXFrameworksBuildPhase section */

/* Begin PBXGroup section */
		43F77B3721591F4100CDFF8F = {
			isa = PBXGroup;
			children = (
				43F77B4221591F4100CDFF8F /* ForgetMeNot */,
				43F77B4121591F4100CDFF8F /* Products */,
			);
			sourceTree = "<group>";
		};
		43F77B4121591F4100CDFF8F /* Products */ = {
			isa = PBXGroup;
			children = (
				43F77B4021591F4100CDFF8F /* ForgetMeNot.app */,
			);
			name = Products;
			sourceTree = "<group>";
		};
		43F77B4221591F4100CDFF8F /* ForgetMeNot */ = {
			isa = PBXGroup;
			children = (
				43F77B57215921CB00CDFF8F /* Models */,
				43F77B56215921B600CDFF8F /* Controllers */,
				43F77B55215921A700CDFF8F /* Storyboards */,
				43F77B4321591F4100CDFF8F /* AppDelegate.swift */,
				43F77B4A21591F4300CDFF8F /* Assets.xcassets */,
				43F77B4C21591F4300CDFF8F /* LaunchScreen.storyboard */,
				43F77B4F21591F4300CDFF8F /* Info.plist */,
			);
			path = ForgetMeNot;
			sourceTree = "<group>";
		};
		43F77B55215921A700CDFF8F /* Storyboards */ = {
			isa = PBXGroup;
			children = (
				43F77B4721591F4100CDFF8F /* Main.storyboard */,
				43F77B852159716600CDFF8F /* AddEvent.storyboard */,
				43F77B832159714900CDFF8F /* EventDetail.storyboard */,
			);
			path = Storyboards;
			sourceTree = "<group>";
		};
		43F77B56215921B600CDFF8F /* Controllers */ = {
			isa = PBXGroup;
			children = (
				43F77B4521591F4100CDFF8F /* ViewController.swift */,
			);
			path = Controllers;
			sourceTree = "<group>";
		};
		43F77B57215921CB00CDFF8F /* Models */ = {
			isa = PBXGroup;
			children = (
			);
			path = Models;
			sourceTree = "<group>";
		};
/* End PBXGroup section */

/* Begin PBXNativeTarget section */
		43F77B3F21591F4100CDFF8F /* ForgetMeNot */ = {
			isa = PBXNativeTarget;
			buildConfigurationList = 43F77B5221591F4300CDFF8F /* Build configuration list for PBXNativeTarget "ForgetMeNot" */;
			buildPhases = (
				43F77B3C21591F4100CDFF8F /* Sources */,
				43F77B3D21591F4100CDFF8F /* Frameworks */,
				43F77B3E21591F4100CDFF8F /* Resources */,
			);
			buildRules = (
			);
			dependencies = (
			);
			name = ForgetMeNot;
			productName = ForgetMeNot;
			productReference = 43F77B4021591F4100CDFF8F /* ForgetMeNot.app */;
			productType = "com.apple.product-type.application";
		};
/* End PBXNativeTarget section */

/* Begin PBXProject section */
		43F77B3821591F4100CDFF8F /* Project object */ = {
			isa = PBXProject;
			attributes = {
				LastSwiftUpdateCheck = 0940;
				LastUpgradeCheck = 0940;
				ORGANIZATIONNAME = com.detroitlabs;
				TargetAttributes = {
					43F77B3F21591F4100CDFF8F = {
						CreatedOnToolsVersion = 9.4.1;
					};
				};
			};
			buildConfigurationList = 43F77B3B21591F4100CDFF8F /* Build configuration list for PBXProject "ForgetMeNot" */;
			compatibilityVersion = "Xcode 9.3";
			developmentRegion = en;
			hasScannedForEncodings = 0;
			knownRegions = (
				en,
				Base,
			);
			mainGroup = 43F77B3721591F4100CDFF8F;
			productRefGroup = 43F77B4121591F4100CDFF8F /* Products */;
			projectDirPath = "";
			projectRoot = "";
			targets = (
				43F77B3F21591F4100CDFF8F /* ForgetMeNot */,
			);
		};
/* End PBXProject section */

/* Begin PBXResourcesBuildPhase section */
		43F77B3E21591F4100CDFF8F /* Resources */ = {
			isa = PBXResourcesBuildPhase;
			buildActionMask = 2147483647;
			files = (
				43F77B872159716600CDFF8F /* AddEvent.storyboard in Resources */,
				43F77B4E21591F4300CDFF8F /* LaunchScreen.storyboard in Resources */,
				43F77B4B21591F4300CDFF8F /* Assets.xcassets in Resources */,
				43F77B842159714900CDFF8F /* EventDetail.storyboard in Resources */,
				43F77B4921591F4100CDFF8F /* Main.storyboard in Resources */,
			);
			runOnlyForDeploymentPostprocessing = 0;
		};
/* End PBXResourcesBuildPhase section */

/* Begin PBXSourcesBuildPhase section */
		43F77B3C21591F4100CDFF8F /* Sources */ = {
			isa = PBXSourcesBuildPhase;
			buildActionMask = 2147483647;
			files = (
				43F77B4621591F4100CDFF8F /* ViewController.swift in Sources */,
				43F77B4421591F4100CDFF8F /* AppDelegate.swift in Sources */,
			);
			runOnlyForDeploymentPostprocessing = 0;
		};
/* End PBXSourcesBuildPhase section */

/* Begin PBXVariantGroup section */
		43F77B4721591F4100CDFF8F /* Main.storyboard */ = {
			isa = PBXVariantGroup;
			children = (
				43F77B4821591F4100CDFF8F /* Base */,
			);
			name = Main.storyboard;
			sourceTree = "<group>";
		};
		43F77B4C21591F4300CDFF8F /* LaunchScreen.storyboard */ = {
			isa = PBXVariantGroup;
			children = (
				43F77B4D21591F4300CDFF8F /* Base */,
			);
			name = LaunchScreen.storyboard;
			sourceTree = "<group>";
		};
		43F77B852159716600CDFF8F /* AddEvent.storyboard */ = {
			isa = PBXVariantGroup;
			children = (
				43F77B862159716600CDFF8F /* Base */,
			);
			name = AddEvent.storyboard;
			sourceTree = "<group>";
		};
/* End PBXVariantGroup section */

/* Begin XCBuildConfiguration section */
		43F77B5021591F4300CDFF8F /* Debug */ = {
			isa = XCBuildConfiguration;
			buildSettings = {
				ALWAYS_SEARCH_USER_PATHS = NO;
				CLANG_ANALYZER_NONNULL = YES;
				CLANG_ANALYZER_NUMBER_OBJECT_CONVERSION = YES_AGGRESSIVE;
				CLANG_CXX_LANGUAGE_STANDARD = "gnu++14";
				CLANG_CXX_LIBRARY = "libc++";
				CLANG_ENABLE_MODULES = YES;
				CLANG_ENABLE_OBJC_ARC = YES;
				CLANG_ENABLE_OBJC_WEAK = YES;
				CLANG_WARN_BLOCK_CAPTURE_AUTORELEASING = YES;
				CLANG_WARN_BOOL_CONVERSION = YES;
				CLANG_WARN_COMMA = YES;
				CLANG_WARN_CONSTANT_CONVERSION = YES;
				CLANG_WARN_DEPRECATED_OBJC_IMPLEMENTATIONS = YES;
				CLANG_WARN_DIRECT_OBJC_ISA_USAGE = YES_ERROR;
				CLANG_WARN_DOCUMENTATION_COMMENTS = YES;
				CLANG_WARN_EMPTY_BODY = YES;
				CLANG_WARN_ENUM_CONVERSION = YES;
				CLANG_WARN_INFINITE_RECURSION = YES;
				CLANG_WARN_INT_CONVERSION = YES;
				CLANG_WARN_NON_LITERAL_NULL_CONVERSION = YES;
				CLANG_WARN_OBJC_IMPLICIT_RETAIN_SELF = YES;
				CLANG_WARN_OBJC_LITERAL_CONVERSION = YES;
				CLANG_WARN_OBJC_ROOT_CLASS = YES_ERROR;
				CLANG_WARN_RANGE_LOOP_ANALYSIS = YES;
				CLANG_WARN_STRICT_PROTOTYPES = YES;
				CLANG_WARN_SUSPICIOUS_MOVE = YES;
				CLANG_WARN_UNGUARDED_AVAILABILITY = YES_AGGRESSIVE;
				CLANG_WARN_UNREACHABLE_CODE = YES;
				CLANG_WARN__DUPLICATE_METHOD_MATCH = YES;
				CODE_SIGN_IDENTITY = "iPhone Developer";
				COPY_PHASE_STRIP = NO;
				DEBUG_INFORMATION_FORMAT = dwarf;
				ENABLE_STRICT_OBJC_MSGSEND = YES;
				ENABLE_TESTABILITY = YES;
				GCC_C_LANGUAGE_STANDARD = gnu11;
				GCC_DYNAMIC_NO_PIC = NO;
				GCC_NO_COMMON_BLOCKS = YES;
				GCC_OPTIMIZATION_LEVEL = 0;
				GCC_PREPROCESSOR_DEFINITIONS = (
					"DEBUG=1",
					"$(inherited)",
				);
				GCC_WARN_64_TO_32_BIT_CONVERSION = YES;
				GCC_WARN_ABOUT_RETURN_TYPE = YES_ERROR;
				GCC_WARN_UNDECLARED_SELECTOR = YES;
				GCC_WARN_UNINITIALIZED_AUTOS = YES_AGGRESSIVE;
				GCC_WARN_UNUSED_FUNCTION = YES;
				GCC_WARN_UNUSED_VARIABLE = YES;
				IPHONEOS_DEPLOYMENT_TARGET = 11.4;
				MTL_ENABLE_DEBUG_INFO = YES;
				ONLY_ACTIVE_ARCH = YES;
				SDKROOT = iphoneos;
				SWIFT_ACTIVE_COMPILATION_CONDITIONS = DEBUG;
				SWIFT_OPTIMIZATION_LEVEL = "-Onone";
			};
			name = Debug;
		};
		43F77B5121591F4300CDFF8F /* Release */ = {
			isa = XCBuildConfiguration;
			buildSettings = {
				ALWAYS_SEARCH_USER_PATHS = NO;
				CLANG_ANALYZER_NONNULL = YES;
				CLANG_ANALYZER_NUMBER_OBJECT_CONVERSION = YES_AGGRESSIVE;
				CLANG_CXX_LANGUAGE_STANDARD = "gnu++14";
				CLANG_CXX_LIBRARY = "libc++";
				CLANG_ENABLE_MODULES = YES;
				CLANG_ENABLE_OBJC_ARC = YES;
				CLANG_ENABLE_OBJC_WEAK = YES;
				CLANG_WARN_BLOCK_CAPTURE_AUTORELEASING = YES;
				CLANG_WARN_BOOL_CONVERSION = YES;
				CLANG_WARN_COMMA = YES;
				CLANG_WARN_CONSTANT_CONVERSION = YES;
				CLANG_WARN_DEPRECATED_OBJC_IMPLEMENTATIONS = YES;
				CLANG_WARN_DIRECT_OBJC_ISA_USAGE = YES_ERROR;
				CLANG_WARN_DOCUMENTATION_COMMENTS = YES;
				CLANG_WARN_EMPTY_BODY = YES;
				CLANG_WARN_ENUM_CONVERSION = YES;
				CLANG_WARN_INFINITE_RECURSION = YES;
				CLANG_WARN_INT_CONVERSION = YES;
				CLANG_WARN_NON_LITERAL_NULL_CONVERSION = YES;
				CLANG_WARN_OBJC_IMPLICIT_RETAIN_SELF = YES;
				CLANG_WARN_OBJC_LITERAL_CONVERSION = YES;
				CLANG_WARN_OBJC_ROOT_CLASS = YES_ERROR;
				CLANG_WARN_RANGE_LOOP_ANALYSIS = YES;
				CLANG_WARN_STRICT_PROTOTYPES = YES;
				CLANG_WARN_SUSPICIOUS_MOVE = YES;
				CLANG_WARN_UNGUARDED_AVAILABILITY = YES_AGGRESSIVE;
				CLANG_WARN_UNREACHABLE_CODE = YES;
				CLANG_WARN__DUPLICATE_METHOD_MATCH = YES;
				CODE_SIGN_IDENTITY = "iPhone Developer";
				COPY_PHASE_STRIP = NO;
				DEBUG_INFORMATION_FORMAT = "dwarf-with-dsym";
				ENABLE_NS_ASSERTIONS = NO;
				ENABLE_STRICT_OBJC_MSGSEND = YES;
				GCC_C_LANGUAGE_STANDARD = gnu11;
				GCC_NO_COMMON_BLOCKS = YES;
				GCC_WARN_64_TO_32_BIT_CONVERSION = YES;
				GCC_WARN_ABOUT_RETURN_TYPE = YES_ERROR;
				GCC_WARN_UNDECLARED_SELECTOR = YES;
				GCC_WARN_UNINITIALIZED_AUTOS = YES_AGGRESSIVE;
				GCC_WARN_UNUSED_FUNCTION = YES;
				GCC_WARN_UNUSED_VARIABLE = YES;
				IPHONEOS_DEPLOYMENT_TARGET = 11.4;
				MTL_ENABLE_DEBUG_INFO = NO;
				SDKROOT = iphoneos;
				SWIFT_COMPILATION_MODE = wholemodule;
				SWIFT_OPTIMIZATION_LEVEL = "-O";
				VALIDATE_PRODUCT = YES;
			};
			name = Release;
		};
		43F77B5321591F4300CDFF8F /* Debug */ = {
			isa = XCBuildConfiguration;
			buildSettings = {
				ASSETCATALOG_COMPILER_APPICON_NAME = AppIcon;
				CODE_SIGN_STYLE = Automatic;
				INFOPLIST_FILE = ForgetMeNot/Info.plist;
				LD_RUNPATH_SEARCH_PATHS = (
					"$(inherited)",
					"@executable_path/Frameworks",
				);
				PRODUCT_BUNDLE_IDENTIFIER = com.detroitlabs.ForgetMeNot;
				PRODUCT_NAME = "$(TARGET_NAME)";
				SWIFT_VERSION = 4.0;
				TARGETED_DEVICE_FAMILY = "1,2";
			};
			name = Debug;
		};
		43F77B5421591F4300CDFF8F /* Release */ = {
			isa = XCBuildConfiguration;
			buildSettings = {
				ASSETCATALOG_COMPILER_APPICON_NAME = AppIcon;
				CODE_SIGN_STYLE = Automatic;
				INFOPLIST_FILE = ForgetMeNot/Info.plist;
				LD_RUNPATH_SEARCH_PATHS = (
					"$(inherited)",
					"@executable_path/Frameworks",
				);
				PRODUCT_BUNDLE_IDENTIFIER = com.detroitlabs.ForgetMeNot;
				PRODUCT_NAME = "$(TARGET_NAME)";
				SWIFT_VERSION = 4.0;
				TARGETED_DEVICE_FAMILY = "1,2";
			};
			name = Release;
		};
/* End XCBuildConfiguration section */

/* Begin XCConfigurationList section */
		43F77B3B21591F4100CDFF8F /* Build configuration list for PBXProject "ForgetMeNot" */ = {
			isa = XCConfigurationList;
			buildConfigurations = (
				43F77B5021591F4300CDFF8F /* Debug */,
				43F77B5121591F4300CDFF8F /* Release */,
			);
			defaultConfigurationIsVisible = 0;
			defaultConfigurationName = Release;
		};
		43F77B5221591F4300CDFF8F /* Build configuration list for PBXNativeTarget "ForgetMeNot" */ = {
			isa = XCConfigurationList;
			buildConfigurations = (
				43F77B5321591F4300CDFF8F /* Debug */,
				43F77B5421591F4300CDFF8F /* Release */,
			);
			defaultConfigurationIsVisible = 0;
			defaultConfigurationName = Release;
		};
/* End XCConfigurationList section */
	};
	rootObject = 43F77B3821591F4100CDFF8F /* Project object */;
}
